
Microsoft Visual Studio Solution File, Format Version 12.00
# Visual Studio Version 17
VisualStudioVersion = 17.14.36414.22 d17.14
MinimumVisualStudioVersion = 10.0.40219.1
Project("{FAE04EC0-301F-11D3-BF4B-00C04F79EFBC}") = "sandbox-gvb", "sandbox-gvb\sandbox-gvb.csproj", "{BE54E0A9-2145-4017-BE64-B482F1A1C262}"
EndProject
Global
	GlobalSection(SolutionConfigurationPlatforms) = preSolution
		Debug|Any CPU = Debug|Any CPU
		Release|Any CPU = Release|Any CPU
	EndGlobalSection
	GlobalSection(ProjectConfigurationPlatforms) = postSolution
		{BE54E0A9-2145-4017-BE64-B482F1A1C262}.Debug|Any CPU.ActiveCfg = Debug|Any CPU
		{BE54E0A9-2145-4017-BE64-B482F1A1C262}.Debug|Any CPU.Build.0 = Debug|Any CPU
		{BE54E0A9-2145-4017-BE64-B482F1A1C262}.Debug|Any CPU.Deploy.0 = Debug|Any CPU
		{BE54E0A9-2145-4017-BE64-B482F1A1C262}.Release|Any CPU.ActiveCfg = Release|Any CPU
		{BE54E0A9-2145-4017-BE64-B482F1A1C262}.Release|Any CPU.Build.0 = Release|Any CPU
		{BE54E0A9-2145-4017-BE64-B482F1A1C262}.Release|Any CPU.Deploy.0 = Release|Any CPU
	EndGlobalSection
	GlobalSection(SolutionProperties) = preSolution
		HideSolutionNode = FALSE
	EndGlobalSection
	GlobalSection(ExtensibilityGlobals) = postSolution
		SolutionGuid = {2D01F3C4-51BB-440A-A345-B63F54E981A9}
	EndGlobalSection
EndGlobal
